{
  "name": "threat-guard",
  "version": "0.1.0",
  "lockfileVersion": 3,
  "requires": true,
  "packages": {
    "": {
      "name": "threat-guard",
      "version": "0.1.0",
      "dependencies": {
        "cargo": "^0.8.0"
      },
      "engines": {
        "node": ">=18",
        "pnpm": ">=8"
      }
    },
    "node_modules/cargo": {
      "version": "0.8.0",
      "resolved": "https://registry.npmjs.org/cargo/-/cargo-0.8.0.tgz",
      "integrity": "sha512-Fl49HZ8CAs4++TjtwcoZgwyq2ZQUiFVGQ3byyKKUilNk65iuBRDjpCGH/AUORvAODaVVbGbKyFCa67tlDG3p4g==",
      "license": "MIT"
    }
  }
}
